
Microsoft Visual Studio Solution File, Format Version 12.00
# Visual Studio Version 17
VisualStudioVersion = 17.5.002.0
MinimumVisualStudioVersion = 10.0.40219.1
Project("{FAE04EC0-301F-11D3-BF4B-00C04F79EFBC}") = "APIs", "APIs\APIs.csproj", "{6A0E4CE0-7700-4D1B-B598-1B2552C97398}"
EndProject
Project("{FAE04EC0-301F-11D3-BF4B-00C04F79EFBC}") = "Models", "Models\Models.csproj", "{F98C234C-053F-4744-B3BE-E490507437C5}"
EndProject
Project("{FAE04EC0-301F-11D3-BF4B-00C04F79EFBC}") = "Data", "Data\Data.csproj", "{5AEB140C-A311-4636-B799-F16583FFAB93}"
EndProject
Project("{FAE04EC0-301F-11D3-BF4B-00C04F79EFBC}") = "Business", "Business\Business.csproj", "{399C72A7-C418-4EDD-888C-798C8E7FA569}"
EndProject
Project("{2150E333-8FDC-42A3-9474-1A3956D46DE8}") = "Tests", "Tests", "{0D2A1657-3366-4782-9A3E-FA1138A65720}"
EndProject
Project("{FAE04EC0-301F-11D3-BF4B-00C04F79EFBC}") = "Unit.Tests", "Tests\Unit.Tests\Unit.Tests.csproj", "{DB56F7F7-A099-479C-AD77-A591BDCCAEFA}"
EndProject
Global
	GlobalSection(SolutionConfigurationPlatforms) = preSolution
		Debug|Any CPU = Debug|Any CPU
		Release|Any CPU = Release|Any CPU
	EndGlobalSection
	GlobalSection(ProjectConfigurationPlatforms) = postSolution
		{F98C234C-053F-4744-B3BE-E490507437C5}.Debug|Any CPU.ActiveCfg = Debug|Any CPU
		{F98C234C-053F-4744-B3BE-E490507437C5}.Debug|Any CPU.Build.0 = Debug|Any CPU
		{F98C234C-053F-4744-B3BE-E490507437C5}.Release|Any CPU.ActiveCfg = Release|Any CPU
		{F98C234C-053F-4744-B3BE-E490507437C5}.Release|Any CPU.Build.0 = Release|Any CPU
		{5AEB140C-A311-4636-B799-F16583FFAB93}.Debug|Any CPU.ActiveCfg = Debug|Any CPU
		{5AEB140C-A311-4636-B799-F16583FFAB93}.Debug|Any CPU.Build.0 = Debug|Any CPU
		{5AEB140C-A311-4636-B799-F16583FFAB93}.Release|Any CPU.ActiveCfg = Release|Any CPU
		{5AEB140C-A311-4636-B799-F16583FFAB93}.Release|Any CPU.Build.0 = Release|Any CPU
		{399C72A7-C418-4EDD-888C-798C8E7FA569}.Debug|Any CPU.ActiveCfg = Debug|Any CPU
		{399C72A7-C418-4EDD-888C-798C8E7FA569}.Debug|Any CPU.Build.0 = Debug|Any CPU
		{399C72A7-C418-4EDD-888C-798C8E7FA569}.Release|Any CPU.ActiveCfg = Release|Any CPU
		{399C72A7-C418-4EDD-888C-798C8E7FA569}.Release|Any CPU.Build.0 = Release|Any CPU
		{6A0E4CE0-7700-4D1B-B598-1B2552C97398}.Debug|Any CPU.ActiveCfg = Debug|Any CPU
		{6A0E4CE0-7700-4D1B-B598-1B2552C97398}.Debug|Any CPU.Build.0 = Debug|Any CPU
		{6A0E4CE0-7700-4D1B-B598-1B2552C97398}.Release|Any CPU.ActiveCfg = Release|Any CPU
		{6A0E4CE0-7700-4D1B-B598-1B2552C97398}.Release|Any CPU.Build.0 = Release|Any CPU
		{DB56F7F7-A099-479C-AD77-A591BDCCAEFA}.Debug|Any CPU.ActiveCfg = Debug|Any CPU
		{DB56F7F7-A099-479C-AD77-A591BDCCAEFA}.Debug|Any CPU.Build.0 = Debug|Any CPU
		{DB56F7F7-A099-479C-AD77-A591BDCCAEFA}.Release|Any CPU.ActiveCfg = Release|Any CPU
		{DB56F7F7-A099-479C-AD77-A591BDCCAEFA}.Release|Any CPU.Build.0 = Release|Any CPU
	EndGlobalSection
	GlobalSection(SolutionProperties) = preSolution
		HideSolutionNode = FALSE
	EndGlobalSection
	GlobalSection(ExtensibilityGlobals) = postSolution
		SolutionGuid = {D6B9F8C4-35C6-4DEE-8A63-B55A831615F7}
	EndGlobalSection
	GlobalSection(NestedProjects) = preSolution
		{DB56F7F7-A099-479C-AD77-A591BDCCAEFA} = {0D2A1657-3366-4782-9A3E-FA1138A65720}
	EndGlobalSection
EndGlobal
